
Microsoft Visual Studio Solution File, Format Version 12.00
# Visual Studio Version 17
VisualStudioVersion = 17.14.37111.16
MinimumVisualStudioVersion = 10.0.40219.1
Project("{FAE04EC0-301F-11D3-BF4B-00C04F79EFBC}") = "OrderServiceApi", "OrderService\OrderServiceApi.csproj", "{A92D21B8-058A-48DE-966B-AA9A9AF7019C}"
EndProject
Project("{FAE04EC0-301F-11D3-BF4B-00C04F79EFBC}") = "Domain", "Domain\Domain.csproj", "{22225FD9-8EAA-4EB4-B8A8-6E5053591CAB}"
EndProject
Project("{FAE04EC0-301F-11D3-BF4B-00C04F79EFBC}") = "Application", "Application\Application.csproj", "{1C26FAEC-1779-4508-B9A0-73B20CC5F982}"
EndProject
Project("{FAE04EC0-301F-11D3-BF4B-00C04F79EFBC}") = "Infrastructure", "Infrastructure\Infrastructure.csproj", "{4EB76AC3-3B61-4750-9A6C-E09549E394EB}"
EndProject
Global
	GlobalSection(SolutionConfigurationPlatforms) = preSolution
		Debug|Any CPU = Debug|Any CPU
		Release|Any CPU = Release|Any CPU
	EndGlobalSection
	GlobalSection(ProjectConfigurationPlatforms) = postSolution
		{A92D21B8-058A-48DE-966B-AA9A9AF7019C}.Debug|Any CPU.ActiveCfg = Debug|Any CPU
		{A92D21B8-058A-48DE-966B-AA9A9AF7019C}.Debug|Any CPU.Build.0 = Debug|Any CPU
		{A92D21B8-058A-48DE-966B-AA9A9AF7019C}.Release|Any CPU.ActiveCfg = Release|Any CPU
		{A92D21B8-058A-48DE-966B-AA9A9AF7019C}.Release|Any CPU.Build.0 = Release|Any CPU
		{22225FD9-8EAA-4EB4-B8A8-6E5053591CAB}.Debug|Any CPU.ActiveCfg = Debug|Any CPU
		{22225FD9-8EAA-4EB4-B8A8-6E5053591CAB}.Debug|Any CPU.Build.0 = Debug|Any CPU
		{22225FD9-8EAA-4EB4-B8A8-6E5053591CAB}.Release|Any CPU.ActiveCfg = Release|Any CPU
		{22225FD9-8EAA-4EB4-B8A8-6E5053591CAB}.Release|Any CPU.Build.0 = Release|Any CPU
		{1C26FAEC-1779-4508-B9A0-73B20CC5F982}.Debug|Any CPU.ActiveCfg = Debug|Any CPU
		{1C26FAEC-1779-4508-B9A0-73B20CC5F982}.Debug|Any CPU.Build.0 = Debug|Any CPU
		{1C26FAEC-1779-4508-B9A0-73B20CC5F982}.Release|Any CPU.ActiveCfg = Release|Any CPU
		{1C26FAEC-1779-4508-B9A0-73B20CC5F982}.Release|Any CPU.Build.0 = Release|Any CPU
		{4EB76AC3-3B61-4750-9A6C-E09549E394EB}.Debug|Any CPU.ActiveCfg = Debug|Any CPU
		{4EB76AC3-3B61-4750-9A6C-E09549E394EB}.Debug|Any CPU.Build.0 = Debug|Any CPU
		{4EB76AC3-3B61-4750-9A6C-E09549E394EB}.Release|Any CPU.ActiveCfg = Release|Any CPU
		{4EB76AC3-3B61-4750-9A6C-E09549E394EB}.Release|Any CPU.Build.0 = Release|Any CPU
	EndGlobalSection
	GlobalSection(SolutionProperties) = preSolution
		HideSolutionNode = FALSE
	EndGlobalSection
	GlobalSection(ExtensibilityGlobals) = postSolution
		SolutionGuid = {A4C282F6-BB65-4C41-8EA7-5A266D2053DF}
	EndGlobalSection
EndGlobal
